// !$*UTF8*$!
{
	archiveVersion = 1;
	classes = {
	};
	objectVersion = 50;
	objects = {

/* Begin PBXBuildFile section */
		E006F2BC219ECCB900011E66 /* SitecoreSSC_SDK.framework in Frameworks */ = {isa = PBXBuildFile; fileRef = E006F2B2219ECCB900011E66 /* SitecoreSSC_SDK.framework */; };
		E006F2C1219ECCB900011E66 /* ParsersTests.swift in Sources */ = {isa = PBXBuildFile; fileRef = E006F2C0219ECCB900011E66 /* ParsersTests.swift */; };
		E006F2C3219ECCB900011E66 /* SitecoreSSC_SDK.h in Headers */ = {isa = PBXBuildFile; fileRef = E006F2B5219ECCB900011E66 /* SitecoreSSC_SDK.h */; settings = {ATTRIBUTES = (Public, ); }; };
		E014A70B224D0388001C9A63 /* StoredSearchRequestBuilder.swift in Sources */ = {isa = PBXBuildFile; fileRef = E014A70A224D0388001C9A63 /* StoredSearchRequestBuilder.swift */; };
		E01AE23322414799001C5F44 /* ReadItemByIdRequestBuilder.swift in Sources */ = {isa = PBXBuildFile; fileRef = E01AE23222414799001C5F44 /* ReadItemByIdRequestBuilder.swift */; };
		E01AE23722414D38001C5F44 /* ReadItemByPathRequestBuilder.swift in Sources */ = {isa = PBXBuildFile; fileRef = E01AE23622414D38001C5F44 /* ReadItemByPathRequestBuilder.swift */; };
		E01AE23922414DE5001C5F44 /* ReadChildrenRequestBuilder.swift in Sources */ = {isa = PBXBuildFile; fileRef = E01AE23822414DE5001C5F44 /* ReadChildrenRequestBuilder.swift */; };
		E01D5AFB22394AEA009634DC /* ItemsResponse.swift in Sources */ = {isa = PBXBuildFile; fileRef = E01D5AFA22394AEA009634DC /* ItemsResponse.swift */; };
		E01E833A21DE56F30057B595 /* ScImageLoader.swift in Sources */ = {isa = PBXBuildFile; fileRef = E01E833921DE56F30057B595 /* ScImageLoader.swift */; };
		E01E833C21DE5ECF0057B595 /* GetImageRequest.swift in Sources */ = {isa = PBXBuildFile; fileRef = E01E833B21DE5ECF0057B595 /* GetImageRequest.swift */; };
		E026CAD622AF9490001CBEE8 /* ItemsListResponseJsonParser.swift in Sources */ = {isa = PBXBuildFile; fileRef = E026CAD522AF9490001CBEE8 /* ItemsListResponseJsonParser.swift */; };
		E026CAD922AF9955001CBEE8 /* IResponseParser.swift in Sources */ = {isa = PBXBuildFile; fileRef = E026CAD822AF9955001CBEE8 /* IResponseParser.swift */; };
		E026CADB22AFA103001CBEE8 /* SearchResponseJsonParser.swift in Sources */ = {isa = PBXBuildFile; fileRef = E026CADA22AFA103001CBEE8 /* SearchResponseJsonParser.swift */; };
		E026CADD22B11C29001CBEE8 /* DownloadImageRequestBuilder.swift in Sources */ = {isa = PBXBuildFile; fileRef = E026CADC22B11C29001CBEE8 /* DownloadImageRequestBuilder.swift */; };
		E026CADF22B1305D001CBEE8 /* HttpRequestBuilder.swift in Sources */ = {isa = PBXBuildFile; fileRef = E026CADE22B1305D001CBEE8 /* HttpRequestBuilder.swift */; };
		E026CAE122BA6E3D001CBEE8 /* SingleItemResponseParser.swift in Sources */ = {isa = PBXBuildFile; fileRef = E026CAE022BA6E3D001CBEE8 /* SingleItemResponseParser.swift */; };
		E0373286225B7F5200DBA5D6 /* ScRequestBuilder.swift in Sources */ = {isa = PBXBuildFile; fileRef = E0373285225B7F5200DBA5D6 /* ScRequestBuilder.swift */; };
		E0378C6422C4FD1A000FA05A /* SCItemDefaults.swift in Sources */ = {isa = PBXBuildFile; fileRef = E0378C6322C4FD19000FA05A /* SCItemDefaults.swift */; };
		E03B8F0E21B02759001630A7 /* Errors.swift in Sources */ = {isa = PBXBuildFile; fileRef = E03B8F0D21B02759001630A7 /* Errors.swift */; };
		E03B8F1121B03759001630A7 /* SCCredentials.swift in Sources */ = {isa = PBXBuildFile; fileRef = E03B8F1021B03759001630A7 /* SCCredentials.swift */; };
		E03B8F1321B03A02001630A7 /* ItemSource.swift in Sources */ = {isa = PBXBuildFile; fileRef = E03B8F1221B03A02001630A7 /* ItemSource.swift */; };
		E03B8F1521B03C23001630A7 /* AuthResponse.swift in Sources */ = {isa = PBXBuildFile; fileRef = E03B8F1421B03C23001630A7 /* AuthResponse.swift */; };
		E040D4A7223FDE4200EBB6B4 /* CreateItemRequest.swift in Sources */ = {isa = PBXBuildFile; fileRef = E040D4A6223FDE4200EBB6B4 /* CreateItemRequest.swift */; };
		E040D4AA223FED1A00EBB6B4 /* BaseRequestBuilder.swift in Sources */ = {isa = PBXBuildFile; fileRef = E040D4A9223FED1A00EBB6B4 /* BaseRequestBuilder.swift */; };
		E0429CFB22E74EF900FABBF2 /* CrudTests.swift in Sources */ = {isa = PBXBuildFile; fileRef = E0429CFA22E74EF900FABBF2 /* CrudTests.swift */; };
		E0429CFE22E8509900FABBF2 /* TestUtils.swift in Sources */ = {isa = PBXBuildFile; fileRef = E0429CFD22E8509900FABBF2 /* TestUtils.swift */; };
		E050574021A8438A00A78521 /* SSCAuthRequests.swift in Sources */ = {isa = PBXBuildFile; fileRef = E050573F21A8438A00A78521 /* SSCAuthRequests.swift */; };
		E06C814A21CBCEF0002120B9 /* RequestMerger.swift in Sources */ = {isa = PBXBuildFile; fileRef = E06C814921CBCEF0002120B9 /* RequestMerger.swift */; };
		E08EC8E3220DAFB1007623D9 /* SearchItemsRequests.swift in Sources */ = {isa = PBXBuildFile; fileRef = E08EC8E2220DAFB1007623D9 /* SearchItemsRequests.swift */; };
		E08EC8E5220DB435007623D9 /* BaseGetItemRequest.swift in Sources */ = {isa = PBXBuildFile; fileRef = E08EC8E4220DB435007623D9 /* BaseGetItemRequest.swift */; };
		E08EC8E8220DC480007623D9 /* PagingParameters.swift in Sources */ = {isa = PBXBuildFile; fileRef = E08EC8E7220DC480007623D9 /* PagingParameters.swift */; };
		E09409EC220B13990026AA3F /* KeychainStorage.swift in Sources */ = {isa = PBXBuildFile; fileRef = E09409EB220B13990026AA3F /* KeychainStorage.swift */; };
		E09409EE220B18DD0026AA3F /* CredentialsStorage.swift in Sources */ = {isa = PBXBuildFile; fileRef = E09409ED220B18DD0026AA3F /* CredentialsStorage.swift */; };
		E0A2965521A6EC9200E22754 /* SSCSession.swift in Sources */ = {isa = PBXBuildFile; fileRef = E0A2965421A6EC9200E22754 /* SSCSession.swift */; };
		E0A2965921A6F7B000E22754 /* SSCRequestsProtocols.swift in Sources */ = {isa = PBXBuildFile; fileRef = E0A2965821A6F7B000E22754 /* SSCRequestsProtocols.swift */; };
		E0A2965B21A6F85500E22754 /* SSCResponses.swift in Sources */ = {isa = PBXBuildFile; fileRef = E0A2965A21A6F85500E22754 /* SSCResponses.swift */; };
		E0D0A74622DF54C10060152C /* StringTestData.swift in Sources */ = {isa = PBXBuildFile; fileRef = E0D0A74522DF54C10060152C /* StringTestData.swift */; };
		E0D0A74822E067F30060152C /* RequestBuildersTests.swift in Sources */ = {isa = PBXBuildFile; fileRef = E0D0A74722E067F30060152C /* RequestBuildersTests.swift */; };
		E0D3A66122CCD1F000A2CC6D /* SCItem.swift in Sources */ = {isa = PBXBuildFile; fileRef = E050573D21A8371F00A78521 /* SCItem.swift */; };
		E0D3A66322D32D7300A2CC6D /* CredentialsDefaults.swift in Sources */ = {isa = PBXBuildFile; fileRef = E0D3A66222D32D7300A2CC6D /* CredentialsDefaults.swift */; };
		E0DA590B21EF673200E229A0 /* RequestToken.swift in Sources */ = {isa = PBXBuildFile; fileRef = E0DA590A21EF673100E229A0 /* RequestToken.swift */; };
		E0DC022D21AC270F00EB99A4 /* RequestExecutor.swift in Sources */ = {isa = PBXBuildFile; fileRef = E0DC022C21AC270F00EB99A4 /* RequestExecutor.swift */; };
		E0DC023121AC2D4000EB99A4 /* SessionConfig.swift in Sources */ = {isa = PBXBuildFile; fileRef = E0DC023021AC2D4000EB99A4 /* SessionConfig.swift */; };
		E0DC023321AC315000EB99A4 /* SscUrlParameters.swift in Sources */ = {isa = PBXBuildFile; fileRef = E0DC023221AC315000EB99A4 /* SscUrlParameters.swift */; };
		E0DC023621AC3CDC00EB99A4 /* GetItemRequest.swift in Sources */ = {isa = PBXBuildFile; fileRef = E0DC023521AC3CDC00EB99A4 /* GetItemRequest.swift */; };
		E0E4758322A943670080F0A8 /* CreateItemRequestBuilder.swift in Sources */ = {isa = PBXBuildFile; fileRef = E0E4758222A943670080F0A8 /* CreateItemRequestBuilder.swift */; };
		E0E4758522A943B50080F0A8 /* BaseChangeItemRequestBuilder.swift in Sources */ = {isa = PBXBuildFile; fileRef = E0E4758422A943B50080F0A8 /* BaseChangeItemRequestBuilder.swift */; };
		E0E4758722AA4F430080F0A8 /* EditItemRequestBuilder.swift in Sources */ = {isa = PBXBuildFile; fileRef = E0E4758622AA4F430080F0A8 /* EditItemRequestBuilder.swift */; };
		E0E4758922AA50250080F0A8 /* EditItemRequest.swift in Sources */ = {isa = PBXBuildFile; fileRef = E0E4758822AA50250080F0A8 /* EditItemRequest.swift */; };
		E0E4758B22AA7B6E0080F0A8 /* DeleteItemRequest.swift in Sources */ = {isa = PBXBuildFile; fileRef = E0E4758A22AA7B6E0080F0A8 /* DeleteItemRequest.swift */; };
		E0E4758D22AA7BE30080F0A8 /* DleteItemRequestBuilder.swift in Sources */ = {isa = PBXBuildFile; fileRef = E0E4758C22AA7BE30080F0A8 /* DleteItemRequestBuilder.swift */; };
		E0F482F522F1BCBE0092AEDA /* ScSessionBuilder.swift in Sources */ = {isa = PBXBuildFile; fileRef = E0F482F422F1BCBE0092AEDA /* ScSessionBuilder.swift */; };
		E0F482F822F1BDE10092AEDA /* ReadOnlySessionBuilder.swift in Sources */ = {isa = PBXBuildFile; fileRef = E0F482F722F1BDE10092AEDA /* ReadOnlySessionBuilder.swift */; };
		E0F482FA22F1C9180092AEDA /* ReadWriteSessionBuilder.swift in Sources */ = {isa = PBXBuildFile; fileRef = E0F482F922F1C9180092AEDA /* ReadWriteSessionBuilder.swift */; };
		E0F482FC22F1CA670092AEDA /* BaseSessionBuilder.swift in Sources */ = {isa = PBXBuildFile; fileRef = E0F482FB22F1CA670092AEDA /* BaseSessionBuilder.swift */; };
		E0F6766122AA997200EBE030 /* CreateResponse.swift in Sources */ = {isa = PBXBuildFile; fileRef = E0F6766022AA997200EBE030 /* CreateResponse.swift */; };
		E0F6766322AA99AB00EBE030 /* UpdateResponse.swift in Sources */ = {isa = PBXBuildFile; fileRef = E0F6766222AA99AB00EBE030 /* UpdateResponse.swift */; };
		E0F6766522AA99FD00EBE030 /* DeleteResponse.swift in Sources */ = {isa = PBXBuildFile; fileRef = E0F6766422AA99FD00EBE030 /* DeleteResponse.swift */; };
/* End PBXBuildFile section */

/* Begin PBXContainerItemProxy section */
		E006F2BD219ECCB900011E66 /* PBXContainerItemProxy */ = {
			isa = PBXContainerItemProxy;
			containerPortal = E006F2A9219ECCB900011E66 /* Project object */;
			proxyType = 1;
			remoteGlobalIDString = E006F2B1219ECCB900011E66;
			remoteInfo = SitecoreSSC_SDK;
		};
/* End PBXContainerItemProxy section */

/* Begin PBXFileReference section */
		E006F2B2219ECCB900011E66 /* SitecoreSSC_SDK.framework */ = {isa = PBXFileReference; explicitFileType = wrapper.framework; includeInIndex = 0; path = SitecoreSSC_SDK.framework; sourceTree = BUILT_PRODUCTS_DIR; };
		E006F2B5219ECCB900011E66 /* SitecoreSSC_SDK.h */ = {isa = PBXFileReference; lastKnownFileType = sourcecode.c.h; path = SitecoreSSC_SDK.h; sourceTree = "<group>"; };
		E006F2B6219ECCB900011E66 /* Info.plist */ = {isa = PBXFileReference; lastKnownFileType = text.plist.xml; path = Info.plist; sourceTree = "<group>"; };
		E006F2BB219ECCB900011E66 /* SitecoreSSC_SDKTests.xctest */ = {isa = PBXFileReference; explicitFileType = wrapper.cfbundle; includeInIndex = 0; path = SitecoreSSC_SDKTests.xctest; sourceTree = BUILT_PRODUCTS_DIR; };
		E006F2C0219ECCB900011E66 /* ParsersTests.swift */ = {isa = PBXFileReference; lastKnownFileType = sourcecode.swift; path = ParsersTests.swift; sourceTree = "<group>"; };
		E006F2C2219ECCB900011E66 /* Info.plist */ = {isa = PBXFileReference; lastKnownFileType = text.plist.xml; path = Info.plist; sourceTree = "<group>"; };
		E014A70A224D0388001C9A63 /* StoredSearchRequestBuilder.swift */ = {isa = PBXFileReference; lastKnownFileType = sourcecode.swift; path = StoredSearchRequestBuilder.swift; sourceTree = "<group>"; };
		E01AE23222414799001C5F44 /* ReadItemByIdRequestBuilder.swift */ = {isa = PBXFileReference; lastKnownFileType = sourcecode.swift; path = ReadItemByIdRequestBuilder.swift; sourceTree = "<group>"; };
		E01AE23622414D38001C5F44 /* ReadItemByPathRequestBuilder.swift */ = {isa = PBXFileReference; lastKnownFileType = sourcecode.swift; path = ReadItemByPathRequestBuilder.swift; sourceTree = "<group>"; };
		E01AE23822414DE5001C5F44 /* ReadChildrenRequestBuilder.swift */ = {isa = PBXFileReference; lastKnownFileType = sourcecode.swift; path = ReadChildrenRequestBuilder.swift; sourceTree = "<group>"; };
		E01D5AFA22394AEA009634DC /* ItemsResponse.swift */ = {isa = PBXFileReference; lastKnownFileType = sourcecode.swift; path = ItemsResponse.swift; sourceTree = "<group>"; };
		E01E833921DE56F30057B595 /* ScImageLoader.swift */ = {isa = PBXFileReference; lastKnownFileType = sourcecode.swift; path = ScImageLoader.swift; sourceTree = "<group>"; };
		E01E833B21DE5ECF0057B595 /* GetImageRequest.swift */ = {isa = PBXFileReference; lastKnownFileType = sourcecode.swift; path = GetImageRequest.swift; sourceTree = "<group>"; };
		E026CAD522AF9490001CBEE8 /* ItemsListResponseJsonParser.swift */ = {isa = PBXFileReference; lastKnownFileType = sourcecode.swift; path = ItemsListResponseJsonParser.swift; sourceTree = "<group>"; };
		E026CAD822AF9955001CBEE8 /* IResponseParser.swift */ = {isa = PBXFileReference; lastKnownFileType = sourcecode.swift; path = IResponseParser.swift; sourceTree = "<group>"; };
		E026CADA22AFA103001CBEE8 /* SearchResponseJsonParser.swift */ = {isa = PBXFileReference; lastKnownFileType = sourcecode.swift; path = SearchResponseJsonParser.swift; sourceTree = "<group>"; };
		E026CADC22B11C29001CBEE8 /* DownloadImageRequestBuilder.swift */ = {isa = PBXFileReference; lastKnownFileType = sourcecode.swift; path = DownloadImageRequestBuilder.swift; sourceTree = "<group>"; };
		E026CADE22B1305D001CBEE8 /* HttpRequestBuilder.swift */ = {isa = PBXFileReference; lastKnownFileType = sourcecode.swift; path = HttpRequestBuilder.swift; sourceTree = "<group>"; };
		E026CAE022BA6E3D001CBEE8 /* SingleItemResponseParser.swift */ = {isa = PBXFileReference; lastKnownFileType = sourcecode.swift; path = SingleItemResponseParser.swift; sourceTree = "<group>"; };
		E0373285225B7F5200DBA5D6 /* ScRequestBuilder.swift */ = {isa = PBXFileReference; lastKnownFileType = sourcecode.swift; path = ScRequestBuilder.swift; sourceTree = "<group>"; };
		E0378C6322C4FD19000FA05A /* SCItemDefaults.swift */ = {isa = PBXFileReference; lastKnownFileType = sourcecode.swift; path = SCItemDefaults.swift; sourceTree = "<group>"; };
		E03B8F0D21B02759001630A7 /* Errors.swift */ = {isa = PBXFileReference; lastKnownFileType = sourcecode.swift; path = Errors.swift; sourceTree = "<group>"; };
		E03B8F1021B03759001630A7 /* SCCredentials.swift */ = {isa = PBXFileReference; lastKnownFileType = sourcecode.swift; path = SCCredentials.swift; sourceTree = "<group>"; };
		E03B8F1221B03A02001630A7 /* ItemSource.swift */ = {isa = PBXFileReference; lastKnownFileType = sourcecode.swift; path = ItemSource.swift; sourceTree = "<group>"; };
		E03B8F1421B03C23001630A7 /* AuthResponse.swift */ = {isa = PBXFileReference; lastKnownFileType = sourcecode.swift; path = AuthResponse.swift; sourceTree = "<group>"; };
		E040D4A6223FDE4200EBB6B4 /* CreateItemRequest.swift */ = {isa = PBXFileReference; lastKnownFileType = sourcecode.swift; path = CreateItemRequest.swift; sourceTree = "<group>"; };
		E040D4A9223FED1A00EBB6B4 /* BaseRequestBuilder.swift */ = {isa = PBXFileReference; lastKnownFileType = sourcecode.swift; path = BaseRequestBuilder.swift; sourceTree = "<group>"; };
		E0429CFA22E74EF900FABBF2 /* CrudTests.swift */ = {isa = PBXFileReference; lastKnownFileType = sourcecode.swift; path = CrudTests.swift; sourceTree = "<group>"; };
		E0429CFD22E8509900FABBF2 /* TestUtils.swift */ = {isa = PBXFileReference; lastKnownFileType = sourcecode.swift; path = TestUtils.swift; sourceTree = "<group>"; };
		E050573D21A8371F00A78521 /* SCItem.swift */ = {isa = PBXFileReference; lastKnownFileType = sourcecode.swift; path = SCItem.swift; sourceTree = "<group>"; };
		E050573F21A8438A00A78521 /* SSCAuthRequests.swift */ = {isa = PBXFileReference; lastKnownFileType = sourcecode.swift; path = SSCAuthRequests.swift; sourceTree = "<group>"; };
		E06C814921CBCEF0002120B9 /* RequestMerger.swift */ = {isa = PBXFileReference; lastKnownFileType = sourcecode.swift; path = RequestMerger.swift; sourceTree = "<group>"; };
		E08EC8E2220DAFB1007623D9 /* SearchItemsRequests.swift */ = {isa = PBXFileReference; lastKnownFileType = sourcecode.swift; path = SearchItemsRequests.swift; sourceTree = "<group>"; };
		E08EC8E4220DB435007623D9 /* BaseGetItemRequest.swift */ = {isa = PBXFileReference; lastKnownFileType = sourcecode.swift; path = BaseGetItemRequest.swift; sourceTree = "<group>"; };
		E08EC8E7220DC480007623D9 /* PagingParameters.swift */ = {isa = PBXFileReference; lastKnownFileType = sourcecode.swift; path = PagingParameters.swift; sourceTree = "<group>"; };
		E09409EB220B13990026AA3F /* KeychainStorage.swift */ = {isa = PBXFileReference; lastKnownFileType = sourcecode.swift; path = KeychainStorage.swift; sourceTree = "<group>"; };
		E09409ED220B18DD0026AA3F /* CredentialsStorage.swift */ = {isa = PBXFileReference; lastKnownFileType = sourcecode.swift; path = CredentialsStorage.swift; sourceTree = "<group>"; };
		E0A2965421A6EC9200E22754 /* SSCSession.swift */ = {isa = PBXFileReference; lastKnownFileType = sourcecode.swift; path = SSCSession.swift; sourceTree = "<group>"; wrapsLines = 1; };
		E0A2965821A6F7B000E22754 /* SSCRequestsProtocols.swift */ = {isa = PBXFileReference; lastKnownFileType = sourcecode.swift; path = SSCRequestsProtocols.swift; sourceTree = "<group>"; };
		E0A2965A21A6F85500E22754 /* SSCResponses.swift */ = {isa = PBXFileReference; lastKnownFileType = sourcecode.swift; path = SSCResponses.swift; sourceTree = "<group>"; };
		E0D0A74522DF54C10060152C /* StringTestData.swift */ = {isa = PBXFileReference; lastKnownFileType = sourcecode.swift; path = StringTestData.swift; sourceTree = "<group>"; };
		E0D0A74722E067F30060152C /* RequestBuildersTests.swift */ = {isa = PBXFileReference; lastKnownFileType = sourcecode.swift; path = RequestBuildersTests.swift; sourceTree = "<group>"; };
		E0D3A66222D32D7300A2CC6D /* CredentialsDefaults.swift */ = {isa = PBXFileReference; lastKnownFileType = sourcecode.swift; path = CredentialsDefaults.swift; sourceTree = "<group>"; };
		E0DA590A21EF673100E229A0 /* RequestToken.swift */ = {isa = PBXFileReference; lastKnownFileType = sourcecode.swift; path = RequestToken.swift; sourceTree = "<group>"; };
		E0DC022C21AC270F00EB99A4 /* RequestExecutor.swift */ = {isa = PBXFileReference; lastKnownFileType = sourcecode.swift; path = RequestExecutor.swift; sourceTree = "<group>"; };
		E0DC023021AC2D4000EB99A4 /* SessionConfig.swift */ = {isa = PBXFileReference; lastKnownFileType = sourcecode.swift; path = SessionConfig.swift; sourceTree = "<group>"; };
		E0DC023221AC315000EB99A4 /* SscUrlParameters.swift */ = {isa = PBXFileReference; lastKnownFileType = sourcecode.swift; path = SscUrlParameters.swift; sourceTree = "<group>"; };
		E0DC023521AC3CDC00EB99A4 /* GetItemRequest.swift */ = {isa = PBXFileReference; lastKnownFileType = sourcecode.swift; path = GetItemRequest.swift; sourceTree = "<group>"; };
		E0E4758222A943670080F0A8 /* CreateItemRequestBuilder.swift */ = {isa = PBXFileReference; lastKnownFileType = sourcecode.swift; path = CreateItemRequestBuilder.swift; sourceTree = "<group>"; };
		E0E4758422A943B50080F0A8 /* BaseChangeItemRequestBuilder.swift */ = {isa = PBXFileReference; lastKnownFileType = sourcecode.swift; path = BaseChangeItemRequestBuilder.swift; sourceTree = "<group>"; };
		E0E4758622AA4F430080F0A8 /* EditItemRequestBuilder.swift */ = {isa = PBXFileReference; lastKnownFileType = sourcecode.swift; path = EditItemRequestBuilder.swift; sourceTree = "<group>"; };
		E0E4758822AA50250080F0A8 /* EditItemRequest.swift */ = {isa = PBXFileReference; lastKnownFileType = sourcecode.swift; path = EditItemRequest.swift; sourceTree = "<group>"; };
		E0E4758A22AA7B6E0080F0A8 /* DeleteItemRequest.swift */ = {isa = PBXFileReference; lastKnownFileType = sourcecode.swift; path = DeleteItemRequest.swift; sourceTree = "<group>"; };
		E0E4758C22AA7BE30080F0A8 /* DleteItemRequestBuilder.swift */ = {isa = PBXFileReference; lastKnownFileType = sourcecode.swift; path = DleteItemRequestBuilder.swift; sourceTree = "<group>"; };
		E0F482F422F1BCBE0092AEDA /* ScSessionBuilder.swift */ = {isa = PBXFileReference; lastKnownFileType = sourcecode.swift; path = ScSessionBuilder.swift; sourceTree = "<group>"; };
		E0F482F722F1BDE10092AEDA /* ReadOnlySessionBuilder.swift */ = {isa = PBXFileReference; lastKnownFileType = sourcecode.swift; path = ReadOnlySessionBuilder.swift; sourceTree = "<group>"; };
		E0F482F922F1C9180092AEDA /* ReadWriteSessionBuilder.swift */ = {isa = PBXFileReference; lastKnownFileType = sourcecode.swift; path = ReadWriteSessionBuilder.swift; sourceTree = "<group>"; };
		E0F482FB22F1CA670092AEDA /* BaseSessionBuilder.swift */ = {isa = PBXFileReference; lastKnownFileType = sourcecode.swift; path = BaseSessionBuilder.swift; sourceTree = "<group>"; };
		E0F6766022AA997200EBE030 /* CreateResponse.swift */ = {isa = PBXFileReference; lastKnownFileType = sourcecode.swift; path = CreateResponse.swift; sourceTree = "<group>"; };
		E0F6766222AA99AB00EBE030 /* UpdateResponse.swift */ = {isa = PBXFileReference; lastKnownFileType = sourcecode.swift; path = UpdateResponse.swift; sourceTree = "<group>"; };
		E0F6766422AA99FD00EBE030 /* DeleteResponse.swift */ = {isa = PBXFileReference; lastKnownFileType = sourcecode.swift; path = DeleteResponse.swift; sourceTree = "<group>"; };
/* End PBXFileReference section */

/* Begin PBXFrameworksBuildPhase section */
		E006F2AF219ECCB900011E66 /* Frameworks */ = {
			isa = PBXFrameworksBuildPhase;
			buildActionMask = 2147483647;
			files = (
			);
			runOnlyForDeploymentPostprocessing = 0;
		};
		E006F2B8219ECCB900011E66 /* Frameworks */ = {
			isa = PBXFrameworksBuildPhase;
			buildActionMask = 2147483647;
			files = (
				E006F2BC219ECCB900011E66 /* SitecoreSSC_SDK.framework in Frameworks */,
			);
			runOnlyForDeploymentPostprocessing = 0;
		};
/* End PBXFrameworksBuildPhase section */

/* Begin PBXGroup section */
		E006F2A8219ECCB900011E66 = {
			isa = PBXGroup;
			children = (
				E006F2B4219ECCB900011E66 /* SitecoreSSC_SDK */,
				E006F2BF219ECCB900011E66 /* SitecoreSSC_SDKTests */,
				E006F2B3219ECCB900011E66 /* Products */,
			);
			sourceTree = "<group>";
		};
		E006F2B3219ECCB900011E66 /* Products */ = {
			isa = PBXGroup;
			children = (
				E006F2B2219ECCB900011E66 /* SitecoreSSC_SDK.framework */,
				E006F2BB219ECCB900011E66 /* SitecoreSSC_SDKTests.xctest */,
			);
			name = Products;
			sourceTree = "<group>";
		};
		E006F2B4219ECCB900011E66 /* SitecoreSSC_SDK */ = {
			isa = PBXGroup;
			children = (
				E02FFAF721B51AF00028BB67 /* Item */,
				E0D585DC21AD7A8C00561639 /* Network */,
				E03B8F0F21B03747001630A7 /* Utilities */,
				E03B8F0C21B02742001630A7 /* Exceptions */,
				E0DC022E21AC27A300EB99A4 /* Responses */,
				E040D4A8223FECFD00EBB6B4 /* RequestBuilders */,
				E050574121A8439200A78521 /* Requests */,
				E0F482F622F1BDA60092AEDA /* SessionBuilder */,
				E006F2B5219ECCB900011E66 /* SitecoreSSC_SDK.h */,
				E006F2B6219ECCB900011E66 /* Info.plist */,
				E0A2965421A6EC9200E22754 /* SSCSession.swift */,
			);
			path = SitecoreSSC_SDK;
			sourceTree = "<group>";
		};
		E006F2BF219ECCB900011E66 /* SitecoreSSC_SDKTests */ = {
			isa = PBXGroup;
			children = (
				E0429CFC22E8508300FABBF2 /* helpers */,
				E006F2C0219ECCB900011E66 /* ParsersTests.swift */,
				E006F2C2219ECCB900011E66 /* Info.plist */,
				E0D0A74722E067F30060152C /* RequestBuildersTests.swift */,
				E0429CFA22E74EF900FABBF2 /* CrudTests.swift */,
			);
			path = SitecoreSSC_SDKTests;
			sourceTree = "<group>";
		};
		E026CAD722AF9861001CBEE8 /* Parsers */ = {
			isa = PBXGroup;
			children = (
				E026CAD522AF9490001CBEE8 /* ItemsListResponseJsonParser.swift */,
				E026CAE022BA6E3D001CBEE8 /* SingleItemResponseParser.swift */,
				E026CADA22AFA103001CBEE8 /* SearchResponseJsonParser.swift */,
				E026CAD822AF9955001CBEE8 /* IResponseParser.swift */,
			);
			path = Parsers;
			sourceTree = "<group>";
		};
		E02FFAF721B51AF00028BB67 /* Item */ = {
			isa = PBXGroup;
			children = (
				E050573D21A8371F00A78521 /* SCItem.swift */,
				E0378C6322C4FD19000FA05A /* SCItemDefaults.swift */,
			);
			path = Item;
			sourceTree = "<group>";
		};
		E0378C6522C50967000FA05A /* Implementations */ = {
			isa = PBXGroup;
			children = (
				E0373285225B7F5200DBA5D6 /* ScRequestBuilder.swift */,
				E040D4A9223FED1A00EBB6B4 /* BaseRequestBuilder.swift */,
				E0E4758422A943B50080F0A8 /* BaseChangeItemRequestBuilder.swift */,
				E01AE23222414799001C5F44 /* ReadItemByIdRequestBuilder.swift */,
				E01AE23622414D38001C5F44 /* ReadItemByPathRequestBuilder.swift */,
				E01AE23822414DE5001C5F44 /* ReadChildrenRequestBuilder.swift */,
				E014A70A224D0388001C9A63 /* StoredSearchRequestBuilder.swift */,
				E0E4758222A943670080F0A8 /* CreateItemRequestBuilder.swift */,
				E0E4758622AA4F430080F0A8 /* EditItemRequestBuilder.swift */,
				E0E4758C22AA7BE30080F0A8 /* DleteItemRequestBuilder.swift */,
				E026CADC22B11C29001CBEE8 /* DownloadImageRequestBuilder.swift */,
			);
			path = Implementations;
			sourceTree = "<group>";
		};
		E03B8F0C21B02742001630A7 /* Exceptions */ = {
			isa = PBXGroup;
			children = (
				E03B8F0D21B02759001630A7 /* Errors.swift */,
			);
			path = Exceptions;
			sourceTree = "<group>";
		};
		E03B8F0F21B03747001630A7 /* Utilities */ = {
			isa = PBXGroup;
			children = (
				E09409EA220B13740026AA3F /* Credentials */,
				E0DC023221AC315000EB99A4 /* SscUrlParameters.swift */,
				E0DC023021AC2D4000EB99A4 /* SessionConfig.swift */,
				E03B8F1221B03A02001630A7 /* ItemSource.swift */,
			);
			path = Utilities;
			sourceTree = "<group>";
		};
		E040D4A8223FECFD00EBB6B4 /* RequestBuilders */ = {
			isa = PBXGroup;
			children = (
				E0378C6522C50967000FA05A /* Implementations */,
			);
			path = RequestBuilders;
			sourceTree = "<group>";
		};
		E0429CFC22E8508300FABBF2 /* helpers */ = {
			isa = PBXGroup;
			children = (
				E0D0A74522DF54C10060152C /* StringTestData.swift */,
				E0429CFD22E8509900FABBF2 /* TestUtils.swift */,
			);
			path = helpers;
			sourceTree = "<group>";
		};
		E050574121A8439200A78521 /* Requests */ = {
			isa = PBXGroup;
			children = (
				E0DC023421AC3CCB00EB99A4 /* Implementations */,
				E0A2965821A6F7B000E22754 /* SSCRequestsProtocols.swift */,
				E06C814921CBCEF0002120B9 /* RequestMerger.swift */,
				E08EC8E7220DC480007623D9 /* PagingParameters.swift */,
			);
			path = Requests;
			sourceTree = "<group>";
		};
		E09409EA220B13740026AA3F /* Credentials */ = {
			isa = PBXGroup;
			children = (
				E03B8F1021B03759001630A7 /* SCCredentials.swift */,
				E09409EB220B13990026AA3F /* KeychainStorage.swift */,
				E09409ED220B18DD0026AA3F /* CredentialsStorage.swift */,
				E0D3A66222D32D7300A2CC6D /* CredentialsDefaults.swift */,
			);
			path = Credentials;
			sourceTree = "<group>";
		};
		E0D585DC21AD7A8C00561639 /* Network */ = {
			isa = PBXGroup;
			children = (
				E0DC022C21AC270F00EB99A4 /* RequestExecutor.swift */,
				E01E833921DE56F30057B595 /* ScImageLoader.swift */,
				E0DA590A21EF673100E229A0 /* RequestToken.swift */,
				E026CADE22B1305D001CBEE8 /* HttpRequestBuilder.swift */,
			);
			path = Network;
			sourceTree = "<group>";
		};
		E0DC022E21AC27A300EB99A4 /* Responses */ = {
			isa = PBXGroup;
			children = (
				E026CAD722AF9861001CBEE8 /* Parsers */,
				E0DC023721AC3F9400EB99A4 /* Implementations */,
				E0A2965A21A6F85500E22754 /* SSCResponses.swift */,
			);
			path = Responses;
			sourceTree = "<group>";
		};
		E0DC023421AC3CCB00EB99A4 /* Implementations */ = {
			isa = PBXGroup;
			children = (
				E050573F21A8438A00A78521 /* SSCAuthRequests.swift */,
				E0DC023521AC3CDC00EB99A4 /* GetItemRequest.swift */,
				E01E833B21DE5ECF0057B595 /* GetImageRequest.swift */,
				E08EC8E2220DAFB1007623D9 /* SearchItemsRequests.swift */,
				E08EC8E4220DB435007623D9 /* BaseGetItemRequest.swift */,
				E040D4A6223FDE4200EBB6B4 /* CreateItemRequest.swift */,
				E0E4758822AA50250080F0A8 /* EditItemRequest.swift */,
				E0E4758A22AA7B6E0080F0A8 /* DeleteItemRequest.swift */,
			);
			path = Implementations;
			sourceTree = "<group>";
		};
		E0DC023721AC3F9400EB99A4 /* Implementations */ = {
			isa = PBXGroup;
			children = (
				E01D5AFA22394AEA009634DC /* ItemsResponse.swift */,
				E03B8F1421B03C23001630A7 /* AuthResponse.swift */,
				E0F6766022AA997200EBE030 /* CreateResponse.swift */,
				E0F6766222AA99AB00EBE030 /* UpdateResponse.swift */,
				E0F6766422AA99FD00EBE030 /* DeleteResponse.swift */,
			);
			path = Implementations;
			sourceTree = "<group>";
		};
		E0F482F622F1BDA60092AEDA /* SessionBuilder */ = {
			isa = PBXGroup;
			children = (
				E0F482F422F1BCBE0092AEDA /* ScSessionBuilder.swift */,
				E0F482F722F1BDE10092AEDA /* ReadOnlySessionBuilder.swift */,
				E0F482F922F1C9180092AEDA /* ReadWriteSessionBuilder.swift */,
				E0F482FB22F1CA670092AEDA /* BaseSessionBuilder.swift */,
			);
			path = SessionBuilder;
			sourceTree = "<group>";
		};
/* End PBXGroup section */

/* Begin PBXHeadersBuildPhase section */
		E006F2AD219ECCB900011E66 /* Headers */ = {
			isa = PBXHeadersBuildPhase;
			buildActionMask = 2147483647;
			files = (
				E006F2C3219ECCB900011E66 /* SitecoreSSC_SDK.h in Headers */,
			);
			runOnlyForDeploymentPostprocessing = 0;
		};
/* End PBXHeadersBuildPhase section */

/* Begin PBXNativeTarget section */
		E006F2B1219ECCB900011E66 /* SitecoreSSC_SDK */ = {
			isa = PBXNativeTarget;
			buildConfigurationList = E006F2C6219ECCB900011E66 /* Build configuration list for PBXNativeTarget "SitecoreSSC_SDK" */;
			buildPhases = (
				E006F2AD219ECCB900011E66 /* Headers */,
				E006F2AE219ECCB900011E66 /* Sources */,
				E006F2AF219ECCB900011E66 /* Frameworks */,
				E006F2B0219ECCB900011E66 /* Resources */,
			);
			buildRules = (
			);
			dependencies = (
			);
			name = SitecoreSSC_SDK;
			productName = SitecoreSSC_SDK;
			productReference = E006F2B2219ECCB900011E66 /* SitecoreSSC_SDK.framework */;
			productType = "com.apple.product-type.framework";
		};
		E006F2BA219ECCB900011E66 /* SitecoreSSC_SDKTests */ = {
			isa = PBXNativeTarget;
			buildConfigurationList = E006F2C9219ECCB900011E66 /* Build configuration list for PBXNativeTarget "SitecoreSSC_SDKTests" */;
			buildPhases = (
				E006F2B7219ECCB900011E66 /* Sources */,
				E006F2B8219ECCB900011E66 /* Frameworks */,
				E006F2B9219ECCB900011E66 /* Resources */,
			);
			buildRules = (
			);
			dependencies = (
				E006F2BE219ECCB900011E66 /* PBXTargetDependency */,
			);
			name = SitecoreSSC_SDKTests;
			productName = SitecoreSSC_SDKTests;
			productReference = E006F2BB219ECCB900011E66 /* SitecoreSSC_SDKTests.xctest */;
			productType = "com.apple.product-type.bundle.unit-test";
		};
/* End PBXNativeTarget section */

/* Begin PBXProject section */
		E006F2A9219ECCB900011E66 /* Project object */ = {
			isa = PBXProject;
			attributes = {
				LastSwiftUpdateCheck = 1010;
				LastUpgradeCheck = 1020;
				ORGANIZATIONNAME = Igor;
				TargetAttributes = {
					E006F2B1219ECCB900011E66 = {
						CreatedOnToolsVersion = 10.1;
						LastSwiftMigration = 1010;
					};
					E006F2BA219ECCB900011E66 = {
						CreatedOnToolsVersion = 10.1;
					};
				};
			};
			buildConfigurationList = E006F2AC219ECCB900011E66 /* Build configuration list for PBXProject "SitecoreSSC_SDK" */;
			compatibilityVersion = "Xcode 9.3";
			developmentRegion = en;
			hasScannedForEncodings = 0;
			knownRegions = (
				en,
			);
			mainGroup = E006F2A8219ECCB900011E66;
			productRefGroup = E006F2B3219ECCB900011E66 /* Products */;
			projectDirPath = "";
			projectRoot = "";
			targets = (
				E006F2B1219ECCB900011E66 /* SitecoreSSC_SDK */,
				E006F2BA219ECCB900011E66 /* SitecoreSSC_SDKTests */,
			);
		};
/* End PBXProject section */

/* Begin PBXResourcesBuildPhase section */
		E006F2B0219ECCB900011E66 /* Resources */ = {
			isa = PBXResourcesBuildPhase;
			buildActionMask = 2147483647;
			files = (
			);
			runOnlyForDeploymentPostprocessing = 0;
		};
		E006F2B9219ECCB900011E66 /* Resources */ = {
			isa = PBXResourcesBuildPhase;
			buildActionMask = 2147483647;
			files = (
			);
			runOnlyForDeploymentPostprocessing = 0;
		};
/* End PBXResourcesBuildPhase section */

/* Begin PBXSourcesBuildPhase section */
		E006F2AE219ECCB900011E66 /* Sources */ = {
			isa = PBXSourcesBuildPhase;
			buildActionMask = 2147483647;
			files = (
				E0F482FA22F1C9180092AEDA /* ReadWriteSessionBuilder.swift in Sources */,
				E0E4758722AA4F430080F0A8 /* EditItemRequestBuilder.swift in Sources */,
				E026CAD622AF9490001CBEE8 /* ItemsListResponseJsonParser.swift in Sources */,
				E01AE23322414799001C5F44 /* ReadItemByIdRequestBuilder.swift in Sources */,
				E0DC022D21AC270F00EB99A4 /* RequestExecutor.swift in Sources */,
				E0E4758D22AA7BE30080F0A8 /* DleteItemRequestBuilder.swift in Sources */,
				E03B8F0E21B02759001630A7 /* Errors.swift in Sources */,
				E0D3A66122CCD1F000A2CC6D /* SCItem.swift in Sources */,
				E09409EC220B13990026AA3F /* KeychainStorage.swift in Sources */,
				E014A70B224D0388001C9A63 /* StoredSearchRequestBuilder.swift in Sources */,
				E0D3A66322D32D7300A2CC6D /* CredentialsDefaults.swift in Sources */,
				E0DC023321AC315000EB99A4 /* SscUrlParameters.swift in Sources */,
				E026CADF22B1305D001CBEE8 /* HttpRequestBuilder.swift in Sources */,
				E0E4758322A943670080F0A8 /* CreateItemRequestBuilder.swift in Sources */,
				E03B8F1321B03A02001630A7 /* ItemSource.swift in Sources */,
				E08EC8E3220DAFB1007623D9 /* SearchItemsRequests.swift in Sources */,
				E09409EE220B18DD0026AA3F /* CredentialsStorage.swift in Sources */,
				E0E4758522A943B50080F0A8 /* BaseChangeItemRequestBuilder.swift in Sources */,
				E026CAD922AF9955001CBEE8 /* IResponseParser.swift in Sources */,
				E08EC8E5220DB435007623D9 /* BaseGetItemRequest.swift in Sources */,
				E0A2965B21A6F85500E22754 /* SSCResponses.swift in Sources */,
				E01E833A21DE56F30057B595 /* ScImageLoader.swift in Sources */,
				E040D4AA223FED1A00EBB6B4 /* BaseRequestBuilder.swift in Sources */,
				E0F482F522F1BCBE0092AEDA /* ScSessionBuilder.swift in Sources */,
				E026CADB22AFA103001CBEE8 /* SearchResponseJsonParser.swift in Sources */,
				E03B8F1521B03C23001630A7 /* AuthResponse.swift in Sources */,
				E0F6766122AA997200EBE030 /* CreateResponse.swift in Sources */,
				E0F482F822F1BDE10092AEDA /* ReadOnlySessionBuilder.swift in Sources */,
				E06C814A21CBCEF0002120B9 /* RequestMerger.swift in Sources */,
				E050574021A8438A00A78521 /* SSCAuthRequests.swift in Sources */,
				E0A2965521A6EC9200E22754 /* SSCSession.swift in Sources */,
				E08EC8E8220DC480007623D9 /* PagingParameters.swift in Sources */,
				E0F482FC22F1CA670092AEDA /* BaseSessionBuilder.swift in Sources */,
				E0F6766522AA99FD00EBE030 /* DeleteResponse.swift in Sources */,
				E0F6766322AA99AB00EBE030 /* UpdateResponse.swift in Sources */,
				E026CAE122BA6E3D001CBEE8 /* SingleItemResponseParser.swift in Sources */,
				E0A2965921A6F7B000E22754 /* SSCRequestsProtocols.swift in Sources */,
				E01E833C21DE5ECF0057B595 /* GetImageRequest.swift in Sources */,
				E0DA590B21EF673200E229A0 /* RequestToken.swift in Sources */,
				E0378C6422C4FD1A000FA05A /* SCItemDefaults.swift in Sources */,
				E0E4758922AA50250080F0A8 /* EditItemRequest.swift in Sources */,
				E0DC023621AC3CDC00EB99A4 /* GetItemRequest.swift in Sources */,
				E0DC023121AC2D4000EB99A4 /* SessionConfig.swift in Sources */,
				E03B8F1121B03759001630A7 /* SCCredentials.swift in Sources */,
				E026CADD22B11C29001CBEE8 /* DownloadImageRequestBuilder.swift in Sources */,
				E0E4758B22AA7B6E0080F0A8 /* DeleteItemRequest.swift in Sources */,
				E040D4A7223FDE4200EBB6B4 /* CreateItemRequest.swift in Sources */,
				E01AE23922414DE5001C5F44 /* ReadChildrenRequestBuilder.swift in Sources */,
				E01D5AFB22394AEA009634DC /* ItemsResponse.swift in Sources */,
				E0373286225B7F5200DBA5D6 /* ScRequestBuilder.swift in Sources */,
				E01AE23722414D38001C5F44 /* ReadItemByPathRequestBuilder.swift in Sources */,
			);
			runOnlyForDeploymentPostprocessing = 0;
		};
		E006F2B7219ECCB900011E66 /* Sources */ = {
			isa = PBXSourcesBuildPhase;
			buildActionMask = 2147483647;
			files = (
				E0D0A74622DF54C10060152C /* StringTestData.swift in Sources */,
				E006F2C1219ECCB900011E66 /* ParsersTests.swift in Sources */,
				E0D0A74822E067F30060152C /* RequestBuildersTests.swift in Sources */,
				E0429CFE22E8509900FABBF2 /* TestUtils.swift in Sources */,
				E0429CFB22E74EF900FABBF2 /* CrudTests.swift in Sources */,
			);
			runOnlyForDeploymentPostprocessing = 0;
		};
/* End PBXSourcesBuildPhase section */

/* Begin PBXTargetDependency section */
		E006F2BE219ECCB900011E66 /* PBXTargetDependency */ = {
			isa = PBXTargetDependency;
			target = E006F2B1219ECCB900011E66 /* SitecoreSSC_SDK */;
			targetProxy = E006F2BD219ECCB900011E66 /* PBXContainerItemProxy */;
		};
/* End PBXTargetDependency section */

/* Begin XCBuildConfiguration section */
		E006F2C4219ECCB900011E66 /* Debug */ = {
			isa = XCBuildConfiguration;
			buildSettings = {
				ALWAYS_SEARCH_USER_PATHS = NO;
				CLANG_ANALYZER_NONNULL = YES;
				CLANG_ANALYZER_NUMBER_OBJECT_CONVERSION = YES_AGGRESSIVE;
				CLANG_CXX_LANGUAGE_STANDARD = "gnu++14";
				CLANG_CXX_LIBRARY = "libc++";
				CLANG_ENABLE_MODULES = YES;
				CLANG_ENABLE_OBJC_ARC = YES;
				CLANG_ENABLE_OBJC_WEAK = YES;
				CLANG_WARN_BLOCK_CAPTURE_AUTORELEASING = YES;
				CLANG_WARN_BOOL_CONVERSION = YES;
				CLANG_WARN_COMMA = YES;
				CLANG_WARN_CONSTANT_CONVERSION = YES;
				CLANG_WARN_DEPRECATED_OBJC_IMPLEMENTATIONS = YES;
				CLANG_WARN_DIRECT_OBJC_ISA_USAGE = YES_ERROR;
				CLANG_WARN_DOCUMENTATION_COMMENTS = YES;
				CLANG_WARN_EMPTY_BODY = YES;
				CLANG_WARN_ENUM_CONVERSION = YES;
				CLANG_WARN_INFINITE_RECURSION = YES;
				CLANG_WARN_INT_CONVERSION = YES;
				CLANG_WARN_NON_LITERAL_NULL_CONVERSION = YES;
				CLANG_WARN_OBJC_IMPLICIT_RETAIN_SELF = YES;
				CLANG_WARN_OBJC_LITERAL_CONVERSION = YES;
				CLANG_WARN_OBJC_ROOT_CLASS = YES_ERROR;
				CLANG_WARN_RANGE_LOOP_ANALYSIS = YES;
				CLANG_WARN_STRICT_PROTOTYPES = YES;
				CLANG_WARN_SUSPICIOUS_MOVE = YES;
				CLANG_WARN_UNGUARDED_AVAILABILITY = YES_AGGRESSIVE;
				CLANG_WARN_UNREACHABLE_CODE = YES;
				CLANG_WARN__DUPLICATE_METHOD_MATCH = YES;
				CODE_SIGN_IDENTITY = "iPhone Developer";
				COPY_PHASE_STRIP = NO;
				CURRENT_PROJECT_VERSION = 1;
				DEBUG_INFORMATION_FORMAT = dwarf;
				ENABLE_STRICT_OBJC_MSGSEND = YES;
				ENABLE_TESTABILITY = YES;
				GCC_C_LANGUAGE_STANDARD = gnu11;
				GCC_DYNAMIC_NO_PIC = NO;
				GCC_NO_COMMON_BLOCKS = YES;
				GCC_OPTIMIZATION_LEVEL = 0;
				GCC_PREPROCESSOR_DEFINITIONS = (
					"DEBUG=1",
					"$(inherited)",
				);
				GCC_WARN_64_TO_32_BIT_CONVERSION = YES;
				GCC_WARN_ABOUT_RETURN_TYPE = YES_ERROR;
				GCC_WARN_UNDECLARED_SELECTOR = YES;
				GCC_WARN_UNINITIALIZED_AUTOS = YES_AGGRESSIVE;
				GCC_WARN_UNUSED_FUNCTION = YES;
				GCC_WARN_UNUSED_VARIABLE = YES;
				IPHONEOS_DEPLOYMENT_TARGET = 12.1;
				MTL_ENABLE_DEBUG_INFO = INCLUDE_SOURCE;
				MTL_FAST_MATH = YES;
				ONLY_ACTIVE_ARCH = YES;
				SDKROOT = iphoneos;
				SWIFT_ACTIVE_COMPILATION_CONDITIONS = DEBUG;
				SWIFT_OPTIMIZATION_LEVEL = "-Onone";
				VERSIONING_SYSTEM = "apple-generic";
				VERSION_INFO_PREFIX = "";
			};
			name = Debug;
		};
		E006F2C5219ECCB900011E66 /* Release */ = {
			isa = XCBuildConfiguration;
			buildSettings = {
				ALWAYS_SEARCH_USER_PATHS = NO;
				CLANG_ANALYZER_NONNULL = YES;
				CLANG_ANALYZER_NUMBER_OBJECT_CONVERSION = YES_AGGRESSIVE;
				CLANG_CXX_LANGUAGE_STANDARD = "gnu++14";
				CLANG_CXX_LIBRARY = "libc++";
				CLANG_ENABLE_MODULES = YES;
				CLANG_ENABLE_OBJC_ARC = YES;
				CLANG_ENABLE_OBJC_WEAK = YES;
				CLANG_WARN_BLOCK_CAPTURE_AUTORELEASING = YES;
				CLANG_WARN_BOOL_CONVERSION = YES;
				CLANG_WARN_COMMA = YES;
				CLANG_WARN_CONSTANT_CONVERSION = YES;
				CLANG_WARN_DEPRECATED_OBJC_IMPLEMENTATIONS = YES;
				CLANG_WARN_DIRECT_OBJC_ISA_USAGE = YES_ERROR;
				CLANG_WARN_DOCUMENTATION_COMMENTS = YES;
				CLANG_WARN_EMPTY_BODY = YES;
				CLANG_WARN_ENUM_CONVERSION = YES;
				CLANG_WARN_INFINITE_RECURSION = YES;
				CLANG_WARN_INT_CONVERSION = YES;
				CLANG_WARN_NON_LITERAL_NULL_CONVERSION = YES;
				CLANG_WARN_OBJC_IMPLICIT_RETAIN_SELF = YES;
				CLANG_WARN_OBJC_LITERAL_CONVERSION = YES;
				CLANG_WARN_OBJC_ROOT_CLASS = YES_ERROR;
				CLANG_WARN_RANGE_LOOP_ANALYSIS = YES;
				CLANG_WARN_STRICT_PROTOTYPES = YES;
				CLANG_WARN_SUSPICIOUS_MOVE = YES;
				CLANG_WARN_UNGUARDED_AVAILABILITY = YES_AGGRESSIVE;
				CLANG_WARN_UNREACHABLE_CODE = YES;
				CLANG_WARN__DUPLICATE_METHOD_MATCH = YES;
				CODE_SIGN_IDENTITY = "iPhone Developer";
				COPY_PHASE_STRIP = NO;
				CURRENT_PROJECT_VERSION = 1;
				DEBUG_INFORMATION_FORMAT = "dwarf-with-dsym";
				ENABLE_NS_ASSERTIONS = NO;
				ENABLE_STRICT_OBJC_MSGSEND = YES;
				GCC_C_LANGUAGE_STANDARD = gnu11;
				GCC_NO_COMMON_BLOCKS = YES;
				GCC_WARN_64_TO_32_BIT_CONVERSION = YES;
				GCC_WARN_ABOUT_RETURN_TYPE = YES_ERROR;
				GCC_WARN_UNDECLARED_SELECTOR = YES;
				GCC_WARN_UNINITIALIZED_AUTOS = YES_AGGRESSIVE;
				GCC_WARN_UNUSED_FUNCTION = YES;
				GCC_WARN_UNUSED_VARIABLE = YES;
				IPHONEOS_DEPLOYMENT_TARGET = 12.1;
				MTL_ENABLE_DEBUG_INFO = NO;
				MTL_FAST_MATH = YES;
				SDKROOT = iphoneos;
				SWIFT_COMPILATION_MODE = wholemodule;
				SWIFT_OPTIMIZATION_LEVEL = "-O";
				VALIDATE_PRODUCT = YES;
				VERSIONING_SYSTEM = "apple-generic";
				VERSION_INFO_PREFIX = "";
			};
			name = Release;
		};
		E006F2C7219ECCB900011E66 /* Debug */ = {
			isa = XCBuildConfiguration;
			buildSettings = {
				CLANG_ENABLE_MODULES = YES;
				CODE_SIGN_IDENTITY = "";
				CODE_SIGN_STYLE = Automatic;
				DEFINES_MODULE = YES;
				DEVELOPMENT_TEAM = D43U65QWFK;
				DYLIB_COMPATIBILITY_VERSION = 1;
				DYLIB_CURRENT_VERSION = 1;
				DYLIB_INSTALL_NAME_BASE = "@rpath";
				INFOPLIST_FILE = SitecoreSSC_SDK/Info.plist;
				INSTALL_PATH = "$(LOCAL_LIBRARY_DIR)/Frameworks";
				IPHONEOS_DEPLOYMENT_TARGET = 11.3;
				LD_RUNPATH_SEARCH_PATHS = (
					"$(inherited)",
					"@executable_path/Frameworks",
					"@loader_path/Frameworks",
				);
				PRODUCT_BUNDLE_IDENTIFIER = "com.sitecore.SitecoreSSC-SDK";
				PRODUCT_NAME = "$(TARGET_NAME:c99extidentifier)";
				SKIP_INSTALL = YES;
				SWIFT_OPTIMIZATION_LEVEL = "-Onone";
				SWIFT_VERSION = 5.0;
				TARGETED_DEVICE_FAMILY = "1,2";
			};
			name = Debug;
		};
		E006F2C8219ECCB900011E66 /* Release */ = {
			isa = XCBuildConfiguration;
			buildSettings = {
				CLANG_ENABLE_MODULES = YES;
				CODE_SIGN_IDENTITY = "";
				CODE_SIGN_STYLE = Automatic;
				DEFINES_MODULE = YES;
				DEVELOPMENT_TEAM = D43U65QWFK;
				DYLIB_COMPATIBILITY_VERSION = 1;
				DYLIB_CURRENT_VERSION = 1;
				DYLIB_INSTALL_NAME_BASE = "@rpath";
				INFOPLIST_FILE = SitecoreSSC_SDK/Info.plist;
				INSTALL_PATH = "$(LOCAL_LIBRARY_DIR)/Frameworks";
				IPHONEOS_DEPLOYMENT_TARGET = 11.3;
				LD_RUNPATH_SEARCH_PATHS = (
					"$(inherited)",
					"@executable_path/Frameworks",
					"@loader_path/Frameworks",
				);
				PRODUCT_BUNDLE_IDENTIFIER = "com.sitecore.SitecoreSSC-SDK";
				PRODUCT_NAME = "$(TARGET_NAME:c99extidentifier)";
				SKIP_INSTALL = YES;
				SWIFT_VERSION = 5.0;
				TARGETED_DEVICE_FAMILY = "1,2";
			};
			name = Release;
		};
		E006F2CA219ECCB900011E66 /* Debug */ = {
			isa = XCBuildConfiguration;
			buildSettings = {
				ALWAYS_EMBED_SWIFT_STANDARD_LIBRARIES = YES;
				CODE_SIGN_STYLE = Automatic;
				INFOPLIST_FILE = SitecoreSSC_SDKTests/Info.plist;
				LD_RUNPATH_SEARCH_PATHS = (
					"$(inherited)",
					"@executable_path/Frameworks",
					"@loader_path/Frameworks",
				);
				PRODUCT_BUNDLE_IDENTIFIER = "com.sitecore.SitecoreSSC-SDKTests";
				PRODUCT_NAME = "$(TARGET_NAME)";
				SWIFT_VERSION = 4.2;
				TARGETED_DEVICE_FAMILY = "1,2";
			};
			name = Debug;
		};
		E006F2CB219ECCB900011E66 /* Release */ = {
			isa = XCBuildConfiguration;
			buildSettings = {
				ALWAYS_EMBED_SWIFT_STANDARD_LIBRARIES = YES;
				CODE_SIGN_STYLE = Automatic;
				INFOPLIST_FILE = SitecoreSSC_SDKTests/Info.plist;
				LD_RUNPATH_SEARCH_PATHS = (
					"$(inherited)",
					"@executable_path/Frameworks",
					"@loader_path/Frameworks",
				);
				PRODUCT_BUNDLE_IDENTIFIER = "com.sitecore.SitecoreSSC-SDKTests";
				PRODUCT_NAME = "$(TARGET_NAME)";
				SWIFT_VERSION = 4.2;
				TARGETED_DEVICE_FAMILY = "1,2";
			};
			name = Release;
		};
/* End XCBuildConfiguration section */

/* Begin XCConfigurationList section */
		E006F2AC219ECCB900011E66 /* Build configuration list for PBXProject "SitecoreSSC_SDK" */ = {
			isa = XCConfigurationList;
			buildConfigurations = (
				E006F2C4219ECCB900011E66 /* Debug */,
				E006F2C5219ECCB900011E66 /* Release */,
			);
			defaultConfigurationIsVisible = 0;
			defaultConfigurationName = Release;
		};
		E006F2C6219ECCB900011E66 /* Build configuration list for PBXNativeTarget "SitecoreSSC_SDK" */ = {
			isa = XCConfigurationList;
			buildConfigurations = (
				E006F2C7219ECCB900011E66 /* Debug */,
				E006F2C8219ECCB900011E66 /* Release */,
			);
			defaultConfigurationIsVisible = 0;
			defaultConfigurationName = Release;
		};
		E006F2C9219ECCB900011E66 /* Build configuration list for PBXNativeTarget "SitecoreSSC_SDKTests" */ = {
			isa = XCConfigurationList;
			buildConfigurations = (
				E006F2CA219ECCB900011E66 /* Debug */,
				E006F2CB219ECCB900011E66 /* Release */,
			);
			defaultConfigurationIsVisible = 0;
			defaultConfigurationName = Release;
		};
/* End XCConfigurationList section */
	};
	rootObject = E006F2A9219ECCB900011E66 /* Project object */;
}
